<?xml version="1.0" encoding="utf-8"?>
<Project ToolsVersion="4.0" xmlns="http://schemas.microsoft.com/developer/msbuild/2003">
  <ItemGroup>
    <Filter Include="源文件">
      <UniqueIdentifier>{4FC737F1-C7A5-4376-A066-2A32D752A2FF}</UniqueIdentifier>
      <Extensions>cpp;c;cc;cxx;def;odl;idl;hpj;bat;asm;asmx</Extensions>
    </Filter>
    <Filter Include="头文件">
      <UniqueIdentifier>{93995380-89BD-4b04-88EB-625FBE52EBFB}</UniqueIdentifier>
      <Extensions>h;hh;hpp;hxx;hm;inl;inc;xsd</Extensions>
    </Filter>
    <Filter Include="资源文件">
      <UniqueIdentifier>{67DA6AB6-F800-4c08-8B7A-83BB121AAD01}</UniqueIdentifier>
      <Extensions>rc;ico;cur;bmp;dlg;rc2;rct;bin;rgs;gif;jpg;jpeg;jpe;resx;tiff;tif;png;wav;mfcribbon-ms</Extensions>
    </Filter>
    <Filter Include="MyCode">
      <UniqueIdentifier>{0c2abf7d-1705-47d1-9503-5a6f34ef833d}</UniqueIdentifier>
    </Filter>
    <Filter Include="MyCode\DanLi">
      <UniqueIdentifier>{9687246f-f50e-43d5-aacb-7d0f61c15799}</UniqueIdentifier>
    </Filter>
    <Filter Include="MyCode\IO">
      <UniqueIdentifier>{03e66220-f36d-418b-b227-a1fa8653e063}</UniqueIdentifier>
    </Filter>
    <Filter Include="MyCode\QuanJu">
      <UniqueIdentifier>{f3af93dd-7fcc-485c-a6db-81ff90241194}</UniqueIdentifier>
    </Filter>
    <Filter Include="MyCode\ShiXian">
      <UniqueIdentifier>{7c8628de-1dce-4be5-949f-87be0cb285f7}</UniqueIdentifier>
    </Filter>
  </ItemGroup>
  <ItemGroup>
    <Text Include="ReadMe.txt" />
  </ItemGroup>
  <ItemGroup>
    <ClInclude Include="stdafx.h">
      <Filter>头文件</Filter>
    </ClInclude>
    <ClInclude Include="targetver.h">
      <Filter>头文件</Filter>
    </ClInclude>
    <ClInclude Include="Resource.h">
      <Filter>头文件</Filter>
    </ClInclude>
    <ClInclude Include="ZongHe_Soft.h">
      <Filter>头文件</Filter>
    </ClInclude>
    <ClInclude Include="TextIO.h">
      <Filter>MyCode\IO</Filter>
    </ClInclude>
    <ClInclude Include="DanLi.h">
      <Filter>MyCode\DanLi</Filter>
    </ClInclude>
    <ClInclude Include="Glo_Obj.h">
      <Filter>MyCode\QuanJu</Filter>
    </ClInclude>
    <ClInclude Include="ChuangJianKongJian.h">
      <Filter>MyCode\ShiXian</Filter>
    </ClInclude>
  </ItemGroup>
  <ItemGroup>
    <ClCompile Include="stdafx.cpp">
      <Filter>源文件</Filter>
    </ClCompile>
    <ClCompile Include="ZongHe_Soft.cpp">
      <Filter>源文件</Filter>
    </ClCompile>
  </ItemGroup>
  <ItemGroup>
    <ResourceCompile Include="ZongHe_Soft.rc">
      <Filter>资源文件</Filter>
    </ResourceCompile>
  </ItemGroup>
  <ItemGroup>
    <Image Include="small.ico">
      <Filter>资源文件</Filter>
    </Image>
    <Image Include="ZongHe_Soft.ico">
      <Filter>资源文件</Filter>
    </Image>
  </ItemGroup>
  <ItemGroup>
    <None Include="ClassDiagram.cd" />
  </ItemGroup>
</Project>