
Microsoft Visual Studio Solution File, Format Version 12.00
# Visual Studio 14
VisualStudioVersion = 14.0.25420.1
MinimumVisualStudioVersion = 10.0.40219.1
Project("{8BC9CEB8-8B4A-11D0-8D11-00A0C91BC942}") = "C_JiChu", "C_JiChu\C_JiChu.vcxproj", "{CF469AAC-8C78-4DA0-BBBA-F8B94ABB5B97}"
EndProject
Project("{8BC9CEB8-8B4A-11D0-8D11-00A0C91BC942}") = "ShuChu", "ShuChu\ShuChu.vcxproj", "{0D028995-5C30-4608-8FA9-9F7864CA4648}"
EndProject
Project("{8BC9CEB8-8B4A-11D0-8D11-00A0C91BC942}") = "ZhiZhen", "ZhiZhen\ZhiZhen.vcxproj", "{2B020C1C-DEAA-4865-BFA2-6E6EFC351DD5}"
EndProject
Global
	GlobalSection(SolutionConfigurationPlatforms) = preSolution
		Debug|x64 = Debug|x64
		Debug|x86 = Debug|x86
		Release|x64 = Release|x64
		Release|x86 = Release|x86
	EndGlobalSection
	GlobalSection(ProjectConfigurationPlatforms) = postSolution
		{CF469AAC-8C78-4DA0-BBBA-F8B94ABB5B97}.Debug|x64.ActiveCfg = Debug|x64
		{CF469AAC-8C78-4DA0-BBBA-F8B94ABB5B97}.Debug|x64.Build.0 = Debug|x64
		{CF469AAC-8C78-4DA0-BBBA-F8B94ABB5B97}.Debug|x86.ActiveCfg = Debug|Win32
		{CF469AAC-8C78-4DA0-BBBA-F8B94ABB5B97}.Debug|x86.Build.0 = Debug|Win32
		{CF469AAC-8C78-4DA0-BBBA-F8B94ABB5B97}.Release|x64.ActiveCfg = Release|x64
		{CF469AAC-8C78-4DA0-BBBA-F8B94ABB5B97}.Release|x64.Build.0 = Release|x64
		{CF469AAC-8C78-4DA0-BBBA-F8B94ABB5B97}.Release|x86.ActiveCfg = Release|Win32
		{CF469AAC-8C78-4DA0-BBBA-F8B94ABB5B97}.Release|x86.Build.0 = Release|Win32
		{0D028995-5C30-4608-8FA9-9F7864CA4648}.Debug|x64.ActiveCfg = Debug|x64
		{0D028995-5C30-4608-8FA9-9F7864CA4648}.Debug|x64.Build.0 = Debug|x64
		{0D028995-5C30-4608-8FA9-9F7864CA4648}.Debug|x86.ActiveCfg = Debug|Win32
		{0D028995-5C30-4608-8FA9-9F7864CA4648}.Debug|x86.Build.0 = Debug|Win32
		{0D028995-5C30-4608-8FA9-9F7864CA4648}.Release|x64.ActiveCfg = Release|x64
		{0D028995-5C30-4608-8FA9-9F7864CA4648}.Release|x64.Build.0 = Release|x64
		{0D028995-5C30-4608-8FA9-9F7864CA4648}.Release|x86.ActiveCfg = Release|Win32
		{0D028995-5C30-4608-8FA9-9F7864CA4648}.Release|x86.Build.0 = Release|Win32
		{2B020C1C-DEAA-4865-BFA2-6E6EFC351DD5}.Debug|x64.ActiveCfg = Debug|x64
		{2B020C1C-DEAA-4865-BFA2-6E6EFC351DD5}.Debug|x64.Build.0 = Debug|x64
		{2B020C1C-DEAA-4865-BFA2-6E6EFC351DD5}.Debug|x86.ActiveCfg = Debug|Win32
		{2B020C1C-DEAA-4865-BFA2-6E6EFC351DD5}.Debug|x86.Build.0 = Debug|Win32
		{2B020C1C-DEAA-4865-BFA2-6E6EFC351DD5}.Release|x64.ActiveCfg = Release|x64
		{2B020C1C-DEAA-4865-BFA2-6E6EFC351DD5}.Release|x64.Build.0 = Release|x64
		{2B020C1C-DEAA-4865-BFA2-6E6EFC351DD5}.Release|x86.ActiveCfg = Release|Win32
		{2B020C1C-DEAA-4865-BFA2-6E6EFC351DD5}.Release|x86.Build.0 = Release|Win32
	EndGlobalSection
	GlobalSection(SolutionProperties) = preSolution
		HideSolutionNode = FALSE
	EndGlobalSection
EndGlobal
